{
  "dependencies": {
    "jsonschema": {
      "version": "1.1.1",
      "resolved": "https://registry.npmjs.org/jsonschema/-/jsonschema-1.1.1.tgz",
      "from": "jsonschema@>=1.0.2 <2.0.0"
    },
    "lodash.topath": {
      "version": "4.5.2",
      "resolved": "https://registry.npmjs.org/lodash.topath/-/lodash.topath-4.5.2.tgz",
      "from": "lodash.topath@>=4.5.2 <5.0.0"
    },
    "react-jsonschema-form": {
      "version": "0.48.0",
      "resolved": "https://registry.npmjs.org/react-jsonschema-form/-/react-jsonschema-form-0.48.0.tgz",
      "from": "react-jsonschema-form@0.48.0"
    },
    "setimmediate": {
      "version": "1.0.5",
      "resolved": "https://registry.npmjs.org/setimmediate/-/setimmediate-1.0.5.tgz",
      "from": "setimmediate@>=1.0.5 <2.0.0"
    }
  }
}
